// !$*UTF8*$!
{
	archiveVersion = 1;
	classes = {
	};
	objectVersion = 51;
	objects = {

/* Begin PBXBuildFile section */
		8AB637FB5762AA8A8561E2FB /* Pods_Tumeron.framework in Frameworks */ = {isa = PBXBuildFile; fileRef = 58FD491F167D761E092F0AE2 /* Pods_Tumeron.framework */; };
		8D03C764262EC573000A9470 /* TimeAttackPopOverViewController.swift in Sources */ = {isa = PBXBuildFile; fileRef = 8D03C763262EC573000A9470 /* TimeAttackPopOverViewController.swift */; };
		8D0CB9FD27685AD200F55401 /* hit-explanation.mp4 in Resources */ = {isa = PBXBuildFile; fileRef = 8D0CB9FC27685AD200F55401 /* hit-explanation.mp4 */; };
		8D2EA52F262C4DF100A9A665 /* AppDelegate.swift in Sources */ = {isa = PBXBuildFile; fileRef = 8D2EA52E262C4DF100A9A665 /* AppDelegate.swift */; };
		8D2EA531262C4DF100A9A665 /* SceneDelegate.swift in Sources */ = {isa = PBXBuildFile; fileRef = 8D2EA530262C4DF100A9A665 /* SceneDelegate.swift */; };
		8D2EA533262C4DF100A9A665 /* ViewController.swift in Sources */ = {isa = PBXBuildFile; fileRef = 8D2EA532262C4DF100A9A665 /* ViewController.swift */; };
		8D2EA536262C4DF100A9A665 /* Main.storyboard in Resources */ = {isa = PBXBuildFile; fileRef = 8D2EA534262C4DF100A9A665 /* Main.storyboard */; };
		8D2EA538262C4DF200A9A665 /* Assets.xcassets in Resources */ = {isa = PBXBuildFile; fileRef = 8D2EA537262C4DF200A9A665 /* Assets.xcassets */; };
		8D2EA53B262C4DF200A9A665 /* LaunchScreen.storyboard in Resources */ = {isa = PBXBuildFile; fileRef = 8D2EA539262C4DF200A9A665 /* LaunchScreen.storyboard */; };
		8D327112263ACA7A00E3F3C8 /* BattleVer1ViewController.swift in Sources */ = {isa = PBXBuildFile; fileRef = 8D327111263ACA7A00E3F3C8 /* BattleVer1ViewController.swift */; };
		8D402902264288060067D0FD /* BattleVer2ResultViewController.swift in Sources */ = {isa = PBXBuildFile; fileRef = 8D402901264288060067D0FD /* BattleVer2ResultViewController.swift */; };
		8D4D0552278B83A0009A1144 /* SplashViewController.swift in Sources */ = {isa = PBXBuildFile; fileRef = 8D4D0551278B83A0009A1144 /* SplashViewController.swift */; };
		8D58212B262C61BE00FBE8C9 /* TimeAttackViewController.swift in Sources */ = {isa = PBXBuildFile; fileRef = 8D58212A262C61BE00FBE8C9 /* TimeAttackViewController.swift */; };
		8D5E769D275607E40001F5DF /* hit1.mp3 in Resources */ = {isa = PBXBuildFile; fileRef = 8D5E769B275607E30001F5DF /* hit1.mp3 */; };
		8D5E769E275607E40001F5DF /* hit-title.mp3 in Resources */ = {isa = PBXBuildFile; fileRef = 8D5E769C275607E40001F5DF /* hit-title.mp3 */; };
		8D5E76A1275608880001F5DF /* clear.mp3 in Resources */ = {isa = PBXBuildFile; fileRef = 8D5E769F275608870001F5DF /* clear.mp3 */; };
		8D5E76A2275608880001F5DF /* fail.mp3 in Resources */ = {isa = PBXBuildFile; fileRef = 8D5E76A0275608880001F5DF /* fail.mp3 */; };
		8D65C4EA2638669C00EB5F21 /* QuestionMarkViewController.swift in Sources */ = {isa = PBXBuildFile; fileRef = 8D65C4E92638669C00EB5F21 /* QuestionMarkViewController.swift */; };
		8D933EF62632989D00EC3788 /* GameTumeronResultViewController.swift in Sources */ = {isa = PBXBuildFile; fileRef = 8D933EF52632989D00EC3788 /* GameTumeronResultViewController.swift */; };
		8DAB2E4C26BA148A00E204EE /* tumeron-title.mp4 in Resources */ = {isa = PBXBuildFile; fileRef = 8DAB2E4B26BA148A00E204EE /* tumeron-title.mp4 */; };
		8DD99A46262F2EAF00F072B3 /* TumeronLv1ViewController.swift in Sources */ = {isa = PBXBuildFile; fileRef = 8DD99A45262F2EAF00F072B3 /* TumeronLv1ViewController.swift */; };
		8DE3BC07263C2E5E003FF69E /* BattleVer1ResultViewController.swift in Sources */ = {isa = PBXBuildFile; fileRef = 8DE3BC06263C2E5E003FF69E /* BattleVer1ResultViewController.swift */; };
		8DEA46C626419F9600B69624 /* BattleVer2ViewController.swift in Sources */ = {isa = PBXBuildFile; fileRef = 8DEA46C526419F9600B69624 /* BattleVer2ViewController.swift */; };
		8DF6563C2792EC2400AF0937 /* TimeAttackHistoryViewController.swift in Sources */ = {isa = PBXBuildFile; fileRef = 8DF6563B2792EC2400AF0937 /* TimeAttackHistoryViewController.swift */; };
/* End PBXBuildFile section */

/* Begin PBXFileReference section */
		2569C2D1BC03670EE1D250CD /* Pods-Tumeron.debug.xcconfig */ = {isa = PBXFileReference; includeInIndex = 1; lastKnownFileType = text.xcconfig; name = "Pods-Tumeron.debug.xcconfig"; path = "Target Support Files/Pods-Tumeron/Pods-Tumeron.debug.xcconfig"; sourceTree = "<group>"; };
		58FD491F167D761E092F0AE2 /* Pods_Tumeron.framework */ = {isa = PBXFileReference; explicitFileType = wrapper.framework; includeInIndex = 0; path = Pods_Tumeron.framework; sourceTree = BUILT_PRODUCTS_DIR; };
		6CA14A9DF5E5ECF22113ACB7 /* Pods-Tumeron.release.xcconfig */ = {isa = PBXFileReference; includeInIndex = 1; lastKnownFileType = text.xcconfig; name = "Pods-Tumeron.release.xcconfig"; path = "Target Support Files/Pods-Tumeron/Pods-Tumeron.release.xcconfig"; sourceTree = "<group>"; };
		8D03C763262EC573000A9470 /* TimeAttackPopOverViewController.swift */ = {isa = PBXFileReference; lastKnownFileType = sourcecode.swift; path = TimeAttackPopOverViewController.swift; sourceTree = "<group>"; };
		8D0CB9FC27685AD200F55401 /* hit-explanation.mp4 */ = {isa = PBXFileReference; lastKnownFileType = file; path = "hit-explanation.mp4"; sourceTree = "<group>"; };
		8D2EA52B262C4DF100A9A665 /* Tumeron.app */ = {isa = PBXFileReference; explicitFileType = wrapper.application; includeInIndex = 0; path = Tumeron.app; sourceTree = BUILT_PRODUCTS_DIR; };
		8D2EA52E262C4DF100A9A665 /* AppDelegate.swift */ = {isa = PBXFileReference; lastKnownFileType = sourcecode.swift; path = AppDelegate.swift; sourceTree = "<group>"; };
		8D2EA530262C4DF100A9A665 /* SceneDelegate.swift */ = {isa = PBXFileReference; lastKnownFileType = sourcecode.swift; path = SceneDelegate.swift; sourceTree = "<group>"; };
		8D2EA532262C4DF100A9A665 /* ViewController.swift */ = {isa = PBXFileReference; lastKnownFileType = sourcecode.swift; path = ViewController.swift; sourceTree = "<group>"; };
		8D2EA535262C4DF100A9A665 /* Base */ = {isa = PBXFileReference; lastKnownFileType = file.storyboard; name = Base; path = Base.lproj/Main.storyboard; sourceTree = "<group>"; };
		8D2EA537262C4DF200A9A665 /* Assets.xcassets */ = {isa = PBXFileReference; lastKnownFileType = folder.assetcatalog; path = Assets.xcassets; sourceTree = "<group>"; };
		8D2EA53A262C4DF200A9A665 /* Base */ = {isa = PBXFileReference; lastKnownFileType = file.storyboard; name = Base; path = Base.lproj/LaunchScreen.storyboard; sourceTree = "<group>"; };
		8D2EA53C262C4DF200A9A665 /* Info.plist */ = {isa = PBXFileReference; lastKnownFileType = text.plist.xml; path = Info.plist; sourceTree = "<group>"; };
		8D327111263ACA7A00E3F3C8 /* BattleVer1ViewController.swift */ = {isa = PBXFileReference; lastKnownFileType = sourcecode.swift; path = BattleVer1ViewController.swift; sourceTree = "<group>"; };
		8D402901264288060067D0FD /* BattleVer2ResultViewController.swift */ = {isa = PBXFileReference; lastKnownFileType = sourcecode.swift; path = BattleVer2ResultViewController.swift; sourceTree = "<group>"; };
		8D4D0551278B83A0009A1144 /* SplashViewController.swift */ = {isa = PBXFileReference; lastKnownFileType = sourcecode.swift; path = SplashViewController.swift; sourceTree = "<group>"; };
		8D58212A262C61BE00FBE8C9 /* TimeAttackViewController.swift */ = {isa = PBXFileReference; lastKnownFileType = sourcecode.swift; path = TimeAttackViewController.swift; sourceTree = "<group>"; };
		8D5E769B275607E30001F5DF /* hit1.mp3 */ = {isa = PBXFileReference; lastKnownFileType = audio.mp3; path = hit1.mp3; sourceTree = "<group>"; };
		8D5E769C275607E40001F5DF /* hit-title.mp3 */ = {isa = PBXFileReference; lastKnownFileType = audio.mp3; path = "hit-title.mp3"; sourceTree = "<group>"; };
		8D5E769F275608870001F5DF /* clear.mp3 */ = {isa = PBXFileReference; lastKnownFileType = audio.mp3; path = clear.mp3; sourceTree = "<group>"; };
		8D5E76A0275608880001F5DF /* fail.mp3 */ = {isa = PBXFileReference; lastKnownFileType = audio.mp3; path = fail.mp3; sourceTree = "<group>"; };
		8D65C4E92638669C00EB5F21 /* QuestionMarkViewController.swift */ = {isa = PBXFileReference; lastKnownFileType = sourcecode.swift; path = QuestionMarkViewController.swift; sourceTree = "<group>"; };
		8D933EF52632989D00EC3788 /* GameTumeronResultViewController.swift */ = {isa = PBXFileReference; lastKnownFileType = sourcecode.swift; path = GameTumeronResultViewController.swift; sourceTree = "<group>"; };
		8DAB2E4B26BA148A00E204EE /* tumeron-title.mp4 */ = {isa = PBXFileReference; lastKnownFileType = file; path = "tumeron-title.mp4"; sourceTree = "<group>"; };
		8DD99A45262F2EAF00F072B3 /* TumeronLv1ViewController.swift */ = {isa = PBXFileReference; lastKnownFileType = sourcecode.swift; path = TumeronLv1ViewController.swift; sourceTree = "<group>"; };
		8DE3BC06263C2E5E003FF69E /* BattleVer1ResultViewController.swift */ = {isa = PBXFileReference; lastKnownFileType = sourcecode.swift; path = BattleVer1ResultViewController.swift; sourceTree = "<group>"; };
		8DEA46C526419F9600B69624 /* BattleVer2ViewController.swift */ = {isa = PBXFileReference; lastKnownFileType = sourcecode.swift; path = BattleVer2ViewController.swift; sourceTree = "<group>"; };
		8DF6563B2792EC2400AF0937 /* TimeAttackHistoryViewController.swift */ = {isa = PBXFileReference; lastKnownFileType = sourcecode.swift; path = TimeAttackHistoryViewController.swift; sourceTree = SOURCE_ROOT; };
/* End PBXFileReference section */

/* Begin PBXFrameworksBuildPhase section */
		8D2EA528262C4DF100A9A665 /* Frameworks */ = {
			isa = PBXFrameworksBuildPhase;
			buildActionMask = 2147483647;
			files = (
				8AB637FB5762AA8A8561E2FB /* Pods_Tumeron.framework in Frameworks */,
			);
			runOnlyForDeploymentPostprocessing = 0;
		};
/* End PBXFrameworksBuildPhase section */

/* Begin PBXGroup section */
		2EEB1583653FD77564064273 /* Frameworks */ = {
			isa = PBXGroup;
			children = (
				58FD491F167D761E092F0AE2 /* Pods_Tumeron.framework */,
			);
			name = Frameworks;
			sourceTree = "<group>";
		};
		58FD7DC25EB51A4CBC4EE9FA /* Pods */ = {
			isa = PBXGroup;
			children = (
				2569C2D1BC03670EE1D250CD /* Pods-Tumeron.debug.xcconfig */,
				6CA14A9DF5E5ECF22113ACB7 /* Pods-Tumeron.release.xcconfig */,
			);
			path = Pods;
			sourceTree = "<group>";
		};
		8D2EA522262C4DF100A9A665 = {
			isa = PBXGroup;
			children = (
				8D2EA52D262C4DF100A9A665 /* Tumeron */,
				8D2EA52C262C4DF100A9A665 /* Products */,
				58FD7DC25EB51A4CBC4EE9FA /* Pods */,
				2EEB1583653FD77564064273 /* Frameworks */,
			);
			sourceTree = "<group>";
		};
		8D2EA52C262C4DF100A9A665 /* Products */ = {
			isa = PBXGroup;
			children = (
				8D2EA52B262C4DF100A9A665 /* Tumeron.app */,
			);
			name = Products;
			sourceTree = "<group>";
		};
		8D2EA52D262C4DF100A9A665 /* Tumeron */ = {
			isa = PBXGroup;
			children = (
				8D2EA52E262C4DF100A9A665 /* AppDelegate.swift */,
				8D2EA530262C4DF100A9A665 /* SceneDelegate.swift */,
				8D4D0551278B83A0009A1144 /* SplashViewController.swift */,
				8D2EA534262C4DF100A9A665 /* Main.storyboard */,
				8D2EA532262C4DF100A9A665 /* ViewController.swift */,
				8D65C4E92638669C00EB5F21 /* QuestionMarkViewController.swift */,
				8DD99A45262F2EAF00F072B3 /* TumeronLv1ViewController.swift */,
				8D933EF52632989D00EC3788 /* GameTumeronResultViewController.swift */,
				8D327111263ACA7A00E3F3C8 /* BattleVer1ViewController.swift */,
				8DEA46C526419F9600B69624 /* BattleVer2ViewController.swift */,
				8DE3BC06263C2E5E003FF69E /* BattleVer1ResultViewController.swift */,
				8D402901264288060067D0FD /* BattleVer2ResultViewController.swift */,
				8D58212A262C61BE00FBE8C9 /* TimeAttackViewController.swift */,
				8D03C763262EC573000A9470 /* TimeAttackPopOverViewController.swift */,
				8DF6563B2792EC2400AF0937 /* TimeAttackHistoryViewController.swift */,
				8D2EA537262C4DF200A9A665 /* Assets.xcassets */,
				8D5E769F275608870001F5DF /* clear.mp3 */,
				8D5E76A0275608880001F5DF /* fail.mp3 */,
				8D5E769C275607E40001F5DF /* hit-title.mp3 */,
				8D5E769B275607E30001F5DF /* hit1.mp3 */,
				8D2EA539262C4DF200A9A665 /* LaunchScreen.storyboard */,
				8D2EA53C262C4DF200A9A665 /* Info.plist */,
				8D0CB9FC27685AD200F55401 /* hit-explanation.mp4 */,
				8DAB2E4B26BA148A00E204EE /* tumeron-title.mp4 */,
			);
			path = Tumeron;
			sourceTree = "<group>";
		};
/* End PBXGroup section */

/* Begin PBXNativeTarget section */
		8D2EA52A262C4DF100A9A665 /* Tumeron */ = {
			isa = PBXNativeTarget;
			buildConfigurationList = 8D2EA53F262C4DF200A9A665 /* Build configuration list for PBXNativeTarget "Tumeron" */;
			buildPhases = (
				471ABA7B57AFE620292CB20B /* [CP] Check Pods Manifest.lock */,
				8D2EA527262C4DF100A9A665 /* Sources */,
				8D2EA528262C4DF100A9A665 /* Frameworks */,
				8D2EA529262C4DF100A9A665 /* Resources */,
				17E57A58AFE11C46D26D04F2 /* [CP] Embed Pods Frameworks */,
			);
			buildRules = (
			);
			dependencies = (
			);
			name = Tumeron;
			productName = Tumeron;
			productReference = 8D2EA52B262C4DF100A9A665 /* Tumeron.app */;
			productType = "com.apple.product-type.application";
		};
/* End PBXNativeTarget section */

/* Begin PBXProject section */
		8D2EA523262C4DF100A9A665 /* Project object */ = {
			isa = PBXProject;
			attributes = {
				LastSwiftUpdateCheck = 1240;
				LastUpgradeCheck = 1240;
				TargetAttributes = {
					8D2EA52A262C4DF100A9A665 = {
						CreatedOnToolsVersion = 12.4;
					};
				};
			};
			buildConfigurationList = 8D2EA526262C4DF100A9A665 /* Build configuration list for PBXProject "Tumeron" */;
			compatibilityVersion = "Xcode 9.3";
			developmentRegion = en;
			hasScannedForEncodings = 0;
			knownRegions = (
				en,
				Base,
			);
			mainGroup = 8D2EA522262C4DF100A9A665;
			productRefGroup = 8D2EA52C262C4DF100A9A665 /* Products */;
			projectDirPath = "";
			projectRoot = "";
			targets = (
				8D2EA52A262C4DF100A9A665 /* Tumeron */,
			);
		};
/* End PBXProject section */

/* Begin PBXResourcesBuildPhase section */
		8D2EA529262C4DF100A9A665 /* Resources */ = {
			isa = PBXResourcesBuildPhase;
			buildActionMask = 2147483647;
			files = (
				8D2EA53B262C4DF200A9A665 /* LaunchScreen.storyboard in Resources */,
				8D5E76A2275608880001F5DF /* fail.mp3 in Resources */,
				8D5E769E275607E40001F5DF /* hit-title.mp3 in Resources */,
				8D5E769D275607E40001F5DF /* hit1.mp3 in Resources */,
				8D2EA538262C4DF200A9A665 /* Assets.xcassets in Resources */,
				8DAB2E4C26BA148A00E204EE /* tumeron-title.mp4 in Resources */,
				8D5E76A1275608880001F5DF /* clear.mp3 in Resources */,
				8D0CB9FD27685AD200F55401 /* hit-explanation.mp4 in Resources */,
				8D2EA536262C4DF100A9A665 /* Main.storyboard in Resources */,
			);
			runOnlyForDeploymentPostprocessing = 0;
		};
/* End PBXResourcesBuildPhase section */

/* Begin PBXShellScriptBuildPhase section */
		17E57A58AFE11C46D26D04F2 /* [CP] Embed Pods Frameworks */ = {
			isa = PBXShellScriptBuildPhase;
			buildActionMask = 2147483647;
			files = (
			);
			inputFileListPaths = (
				"${PODS_ROOT}/Target Support Files/Pods-Tumeron/Pods-Tumeron-frameworks-${CONFIGURATION}-input-files.xcfilelist",
			);
			name = "[CP] Embed Pods Frameworks";
			outputFileListPaths = (
				"${PODS_ROOT}/Target Support Files/Pods-Tumeron/Pods-Tumeron-frameworks-${CONFIGURATION}-output-files.xcfilelist",
			);
			runOnlyForDeploymentPostprocessing = 0;
			shellPath = /bin/sh;
			shellScript = "\"${PODS_ROOT}/Target Support Files/Pods-Tumeron/Pods-Tumeron-frameworks.sh\"\n";
			showEnvVarsInLog = 0;
		};
		471ABA7B57AFE620292CB20B /* [CP] Check Pods Manifest.lock */ = {
			isa = PBXShellScriptBuildPhase;
			buildActionMask = 2147483647;
			files = (
			);
			inputFileListPaths = (
			);
			inputPaths = (
				"${PODS_PODFILE_DIR_PATH}/Podfile.lock",
				"${PODS_ROOT}/Manifest.lock",
			);
			name = "[CP] Check Pods Manifest.lock";
			outputFileListPaths = (
			);
			outputPaths = (
				"$(DERIVED_FILE_DIR)/Pods-Tumeron-checkManifestLockResult.txt",
			);
			runOnlyForDeploymentPostprocessing = 0;
			shellPath = /bin/sh;
			shellScript = "diff \"${PODS_PODFILE_DIR_PATH}/Podfile.lock\" \"${PODS_ROOT}/Manifest.lock\" > /dev/null\nif [ $? != 0 ] ; then\n    # print error to STDERR\n    echo \"error: The sandbox is not in sync with the Podfile.lock. Run 'pod install' or update your CocoaPods installation.\" >&2\n    exit 1\nfi\n# This output is used by Xcode 'outputs' to avoid re-running this script phase.\necho \"SUCCESS\" > \"${SCRIPT_OUTPUT_FILE_0}\"\n";
			showEnvVarsInLog = 0;
		};
/* End PBXShellScriptBuildPhase section */

/* Begin PBXSourcesBuildPhase section */
		8D2EA527262C4DF100A9A665 /* Sources */ = {
			isa = PBXSourcesBuildPhase;
			buildActionMask = 2147483647;
			files = (
				8D327112263ACA7A00E3F3C8 /* BattleVer1ViewController.swift in Sources */,
				8DEA46C626419F9600B69624 /* BattleVer2ViewController.swift in Sources */,
				8D933EF62632989D00EC3788 /* GameTumeronResultViewController.swift in Sources */,
				8D03C764262EC573000A9470 /* TimeAttackPopOverViewController.swift in Sources */,
				8D402902264288060067D0FD /* BattleVer2ResultViewController.swift in Sources */,
				8D65C4EA2638669C00EB5F21 /* QuestionMarkViewController.swift in Sources */,
				8D4D0552278B83A0009A1144 /* SplashViewController.swift in Sources */,
				8D2EA533262C4DF100A9A665 /* ViewController.swift in Sources */,
				8D2EA52F262C4DF100A9A665 /* AppDelegate.swift in Sources */,
				8DD99A46262F2EAF00F072B3 /* TumeronLv1ViewController.swift in Sources */,
				8DF6563C2792EC2400AF0937 /* TimeAttackHistoryViewController.swift in Sources */,
				8DE3BC07263C2E5E003FF69E /* BattleVer1ResultViewController.swift in Sources */,
				8D2EA531262C4DF100A9A665 /* SceneDelegate.swift in Sources */,
				8D58212B262C61BE00FBE8C9 /* TimeAttackViewController.swift in Sources */,
			);
			runOnlyForDeploymentPostprocessing = 0;
		};
/* End PBXSourcesBuildPhase section */

/* Begin PBXVariantGroup section */
		8D2EA534262C4DF100A9A665 /* Main.storyboard */ = {
			isa = PBXVariantGroup;
			children = (
				8D2EA535262C4DF100A9A665 /* Base */,
			);
			name = Main.storyboard;
			sourceTree = "<group>";
		};
		8D2EA539262C4DF200A9A665 /* LaunchScreen.storyboard */ = {
			isa = PBXVariantGroup;
			children = (
				8D2EA53A262C4DF200A9A665 /* Base */,
			);
			name = LaunchScreen.storyboard;
			sourceTree = "<group>";
		};
/* End PBXVariantGroup section */

/* Begin XCBuildConfiguration section */
		8D2EA53D262C4DF200A9A665 /* Debug */ = {
			isa = XCBuildConfiguration;
			buildSettings = {
				ALWAYS_SEARCH_USER_PATHS = NO;
				CLANG_ANALYZER_LOCALIZABILITY_NONLOCALIZED = YES;
				CLANG_ANALYZER_NONNULL = YES;
				CLANG_ANALYZER_NUMBER_OBJECT_CONVERSION = YES_AGGRESSIVE;
				CLANG_CXX_LANGUAGE_STANDARD = "gnu++14";
				CLANG_CXX_LIBRARY = "libc++";
				CLANG_ENABLE_MODULES = YES;
				CLANG_ENABLE_OBJC_ARC = YES;
				CLANG_ENABLE_OBJC_WEAK = YES;
				CLANG_WARN_BLOCK_CAPTURE_AUTORELEASING = YES;
				CLANG_WARN_BOOL_CONVERSION = YES;
				CLANG_WARN_COMMA = YES;
				CLANG_WARN_CONSTANT_CONVERSION = YES;
				CLANG_WARN_DEPRECATED_OBJC_IMPLEMENTATIONS = YES;
				CLANG_WARN_DIRECT_OBJC_ISA_USAGE = YES_ERROR;
				CLANG_WARN_DOCUMENTATION_COMMENTS = YES;
				CLANG_WARN_EMPTY_BODY = YES;
				CLANG_WARN_ENUM_CONVERSION = YES;
				CLANG_WARN_INFINITE_RECURSION = YES;
				CLANG_WARN_INT_CONVERSION = YES;
				CLANG_WARN_NON_LITERAL_NULL_CONVERSION = YES;
				CLANG_WARN_OBJC_IMPLICIT_RETAIN_SELF = YES;
				CLANG_WARN_OBJC_LITERAL_CONVERSION = YES;
				CLANG_WARN_OBJC_ROOT_CLASS = YES_ERROR;
				CLANG_WARN_QUOTED_INCLUDE_IN_FRAMEWORK_HEADER = YES;
				CLANG_WARN_RANGE_LOOP_ANALYSIS = YES;
				CLANG_WARN_STRICT_PROTOTYPES = YES;
				CLANG_WARN_SUSPICIOUS_MOVE = YES;
				CLANG_WARN_UNGUARDED_AVAILABILITY = YES_AGGRESSIVE;
				CLANG_WARN_UNREACHABLE_CODE = YES;
				CLANG_WARN__DUPLICATE_METHOD_MATCH = YES;
				COPY_PHASE_STRIP = NO;
				DEBUG_INFORMATION_FORMAT = dwarf;
				ENABLE_STRICT_OBJC_MSGSEND = YES;
				ENABLE_TESTABILITY = YES;
				GCC_C_LANGUAGE_STANDARD = gnu11;
				GCC_DYNAMIC_NO_PIC = NO;
				GCC_NO_COMMON_BLOCKS = YES;
				GCC_OPTIMIZATION_LEVEL = 0;
				GCC_PREPROCESSOR_DEFINITIONS = (
					"DEBUG=1",
					"$(inherited)",
				);
				GCC_WARN_64_TO_32_BIT_CONVERSION = YES;
				GCC_WARN_ABOUT_RETURN_TYPE = YES_ERROR;
				GCC_WARN_UNDECLARED_SELECTOR = YES;
				GCC_WARN_UNINITIALIZED_AUTOS = YES_AGGRESSIVE;
				GCC_WARN_UNUSED_FUNCTION = YES;
				GCC_WARN_UNUSED_VARIABLE = YES;
				IPHONEOS_DEPLOYMENT_TARGET = 15.0;
				MTL_ENABLE_DEBUG_INFO = INCLUDE_SOURCE;
				MTL_FAST_MATH = YES;
				ONLY_ACTIVE_ARCH = YES;
				SDKROOT = iphoneos;
				SWIFT_ACTIVE_COMPILATION_CONDITIONS = DEBUG;
				SWIFT_OPTIMIZATION_LEVEL = "-Onone";
			};
			name = Debug;
		};
		8D2EA53E262C4DF200A9A665 /* Release */ = {
			isa = XCBuildConfiguration;
			buildSettings = {
				ALWAYS_SEARCH_USER_PATHS = NO;
				CLANG_ANALYZER_LOCALIZABILITY_NONLOCALIZED = YES;
				CLANG_ANALYZER_NONNULL = YES;
				CLANG_ANALYZER_NUMBER_OBJECT_CONVERSION = YES_AGGRESSIVE;
				CLANG_CXX_LANGUAGE_STANDARD = "gnu++14";
				CLANG_CXX_LIBRARY = "libc++";
				CLANG_ENABLE_MODULES = YES;
				CLANG_ENABLE_OBJC_ARC = YES;
				CLANG_ENABLE_OBJC_WEAK = YES;
				CLANG_WARN_BLOCK_CAPTURE_AUTORELEASING = YES;
				CLANG_WARN_BOOL_CONVERSION = YES;
				CLANG_WARN_COMMA = YES;
				CLANG_WARN_CONSTANT_CONVERSION = YES;
				CLANG_WARN_DEPRECATED_OBJC_IMPLEMENTATIONS = YES;
				CLANG_WARN_DIRECT_OBJC_ISA_USAGE = YES_ERROR;
				CLANG_WARN_DOCUMENTATION_COMMENTS = YES;
				CLANG_WARN_EMPTY_BODY = YES;
				CLANG_WARN_ENUM_CONVERSION = YES;
				CLANG_WARN_INFINITE_RECURSION = YES;
				CLANG_WARN_INT_CONVERSION = YES;
				CLANG_WARN_NON_LITERAL_NULL_CONVERSION = YES;
				CLANG_WARN_OBJC_IMPLICIT_RETAIN_SELF = YES;
				CLANG_WARN_OBJC_LITERAL_CONVERSION = YES;
				CLANG_WARN_OBJC_ROOT_CLASS = YES_ERROR;
				CLANG_WARN_QUOTED_INCLUDE_IN_FRAMEWORK_HEADER = YES;
				CLANG_WARN_RANGE_LOOP_ANALYSIS = YES;
				CLANG_WARN_STRICT_PROTOTYPES = YES;
				CLANG_WARN_SUSPICIOUS_MOVE = YES;
				CLANG_WARN_UNGUARDED_AVAILABILITY = YES_AGGRESSIVE;
				CLANG_WARN_UNREACHABLE_CODE = YES;
				CLANG_WARN__DUPLICATE_METHOD_MATCH = YES;
				COPY_PHASE_STRIP = NO;
				DEBUG_INFORMATION_FORMAT = "dwarf-with-dsym";
				ENABLE_NS_ASSERTIONS = NO;
				ENABLE_STRICT_OBJC_MSGSEND = YES;
				GCC_C_LANGUAGE_STANDARD = gnu11;
				GCC_NO_COMMON_BLOCKS = YES;
				GCC_WARN_64_TO_32_BIT_CONVERSION = YES;
				GCC_WARN_ABOUT_RETURN_TYPE = YES_ERROR;
				GCC_WARN_UNDECLARED_SELECTOR = YES;
				GCC_WARN_UNINITIALIZED_AUTOS = YES_AGGRESSIVE;
				GCC_WARN_UNUSED_FUNCTION = YES;
				GCC_WARN_UNUSED_VARIABLE = YES;
				IPHONEOS_DEPLOYMENT_TARGET = 15.0;
				MTL_ENABLE_DEBUG_INFO = NO;
				MTL_FAST_MATH = YES;
				SDKROOT = iphoneos;
				SWIFT_COMPILATION_MODE = wholemodule;
				SWIFT_OPTIMIZATION_LEVEL = "-O";
				VALIDATE_PRODUCT = YES;
			};
			name = Release;
		};
		8D2EA540262C4DF200A9A665 /* Debug */ = {
			isa = XCBuildConfiguration;
			baseConfigurationReference = 2569C2D1BC03670EE1D250CD /* Pods-Tumeron.debug.xcconfig */;
			buildSettings = {
				ASSETCATALOG_COMPILER_APPICON_NAME = AppIcon;
				ASSETCATALOG_COMPILER_GLOBAL_ACCENT_COLOR_NAME = AccentColor;
				CODE_SIGN_STYLE = Automatic;
				CURRENT_PROJECT_VERSION = 1.0.2;
				DEVELOPMENT_TEAM = 9KT9YTCNC5;
				INFOPLIST_FILE = Tumeron/Info.plist;
				IPHONEOS_DEPLOYMENT_TARGET = 15.0;
				LD_RUNPATH_SEARCH_PATHS = (
					"$(inherited)",
					"@executable_path/Frameworks",
				);
				MARKETING_VERSION = 1.0.2;
				PRODUCT_BUNDLE_IDENTIFIER = com.sson.Tumeron202122Apr;
				PRODUCT_NAME = "$(TARGET_NAME)";
				SWIFT_VERSION = 5.0;
				TARGETED_DEVICE_FAMILY = 1;
			};
			name = Debug;
		};
		8D2EA541262C4DF200A9A665 /* Release */ = {
			isa = XCBuildConfiguration;
			baseConfigurationReference = 6CA14A9DF5E5ECF22113ACB7 /* Pods-Tumeron.release.xcconfig */;
			buildSettings = {
				ASSETCATALOG_COMPILER_APPICON_NAME = AppIcon;
				ASSETCATALOG_COMPILER_GLOBAL_ACCENT_COLOR_NAME = AccentColor;
				CODE_SIGN_STYLE = Automatic;
				CURRENT_PROJECT_VERSION = 1.0.2;
				DEVELOPMENT_TEAM = 9KT9YTCNC5;
				INFOPLIST_FILE = Tumeron/Info.plist;
				IPHONEOS_DEPLOYMENT_TARGET = 15.0;
				LD_RUNPATH_SEARCH_PATHS = (
					"$(inherited)",
					"@executable_path/Frameworks",
				);
				MARKETING_VERSION = 1.0.2;
				PRODUCT_BUNDLE_IDENTIFIER = com.sson.Tumeron202122Apr;
				PRODUCT_NAME = "$(TARGET_NAME)";
				SWIFT_VERSION = 5.0;
				TARGETED_DEVICE_FAMILY = 1;
			};
			name = Release;
		};
/* End XCBuildConfiguration section */

/* Begin XCConfigurationList section */
		8D2EA526262C4DF100A9A665 /* Build configuration list for PBXProject "Tumeron" */ = {
			isa = XCConfigurationList;
			buildConfigurations = (
				8D2EA53D262C4DF200A9A665 /* Debug */,
				8D2EA53E262C4DF200A9A665 /* Release */,
			);
			defaultConfigurationIsVisible = 0;
			defaultConfigurationName = Release;
		};
		8D2EA53F262C4DF200A9A665 /* Build configuration list for PBXNativeTarget "Tumeron" */ = {
			isa = XCConfigurationList;
			buildConfigurations = (
				8D2EA540262C4DF200A9A665 /* Debug */,
				8D2EA541262C4DF200A9A665 /* Release */,
			);
			defaultConfigurationIsVisible = 0;
			defaultConfigurationName = Release;
		};
/* End XCConfigurationList section */
	};
	rootObject = 8D2EA523262C4DF100A9A665 /* Project object */;
}
